
Microsoft Visual Studio Solution File, Format Version 12.00
# Visual Studio Version 17
VisualStudioVersion = 17.8.34322.80
MinimumVisualStudioVersion = 10.0.40219.1
Project("{9A19103F-16F7-4668-BE54-9A1E7A4F7556}") = "ToDoApplication.API", "ToDoApplication.API\ToDoApplication.API.csproj", "{632595C6-6D45-48A5-89DF-C16173C366FB}"
EndProject
Project("{FAE04EC0-301F-11D3-BF4B-00C04F79EFBC}") = "ToDoApplication.Tests", "ToDoApplication.Tests\ToDoApplication.Tests.csproj", "{DD006109-A2E3-4C46-BB68-133CABA6D056}"
EndProject
Global
	GlobalSection(SolutionConfigurationPlatforms) = preSolution
		Debug|Any CPU = Debug|Any CPU
		Release|Any CPU = Release|Any CPU
	EndGlobalSection
	GlobalSection(ProjectConfigurationPlatforms) = postSolution
		{632595C6-6D45-48A5-89DF-C16173C366FB}.Debug|Any CPU.ActiveCfg = Debug|Any CPU
		{632595C6-6D45-48A5-89DF-C16173C366FB}.Debug|Any CPU.Build.0 = Debug|Any CPU
		{632595C6-6D45-48A5-89DF-C16173C366FB}.Release|Any CPU.ActiveCfg = Release|Any CPU
		{632595C6-6D45-48A5-89DF-C16173C366FB}.Release|Any CPU.Build.0 = Release|Any CPU
		{DD006109-A2E3-4C46-BB68-133CABA6D056}.Debug|Any CPU.ActiveCfg = Debug|Any CPU
		{DD006109-A2E3-4C46-BB68-133CABA6D056}.Debug|Any CPU.Build.0 = Debug|Any CPU
		{DD006109-A2E3-4C46-BB68-133CABA6D056}.Release|Any CPU.ActiveCfg = Release|Any CPU
		{DD006109-A2E3-4C46-BB68-133CABA6D056}.Release|Any CPU.Build.0 = Release|Any CPU
	EndGlobalSection
	GlobalSection(SolutionProperties) = preSolution
		HideSolutionNode = FALSE
	EndGlobalSection
	GlobalSection(ExtensibilityGlobals) = postSolution
		SolutionGuid = {19D7717D-CDE7-4728-83E7-A05A50831654}
	EndGlobalSection
EndGlobal
